// !$*UTF8*$!
{
	archiveVersion = 1;
	classes = {
	};
	objectVersion = 46;
	objects = {

/* Begin PBXBuildFile section */
		7B48FEF51D6B0F6A00C4F2A7 /* AppDelegate.swift in Sources */ = {isa = PBXBuildFile; fileRef = 7B48FEF41D6B0F6A00C4F2A7 /* AppDelegate.swift */; };
		7B48FEF71D6B0F6A00C4F2A7 /* ViewController.swift in Sources */ = {isa = PBXBuildFile; fileRef = 7B48FEF61D6B0F6A00C4F2A7 /* ViewController.swift */; };
		7B48FEFA1D6B0F6A00C4F2A7 /* Main.storyboard in Resources */ = {isa = PBXBuildFile; fileRef = 7B48FEF81D6B0F6A00C4F2A7 /* Main.storyboard */; };
		7B48FEFD1D6B0F6A00C4F2A7 /* Notes.xcdatamodeld in Sources */ = {isa = PBXBuildFile; fileRef = 7B48FEFB1D6B0F6A00C4F2A7 /* Notes.xcdatamodeld */; };
		7B48FEFF1D6B0F6A00C4F2A7 /* Assets.xcassets in Resources */ = {isa = PBXBuildFile; fileRef = 7B48FEFE1D6B0F6A00C4F2A7 /* Assets.xcassets */; };
		7B48FF021D6B0F6A00C4F2A7 /* LaunchScreen.storyboard in Resources */ = {isa = PBXBuildFile; fileRef = 7B48FF001D6B0F6A00C4F2A7 /* LaunchScreen.storyboard */; };
		7B48FF0E1D6B166B00C4F2A7 /* NotesViewController.swift in Sources */ = {isa = PBXBuildFile; fileRef = 7B48FF0D1D6B166B00C4F2A7 /* NotesViewController.swift */; };
		7B48FF181D6C24D400C4F2A7 /* Constants.swift in Sources */ = {isa = PBXBuildFile; fileRef = 7B48FF171D6C24D400C4F2A7 /* Constants.swift */; };
		7B48FF1A1D6CA5F100C4F2A7 /* NoteCell.swift in Sources */ = {isa = PBXBuildFile; fileRef = 7B48FF191D6CA5F100C4F2A7 /* NoteCell.swift */; };
		7B48FF1C1D6D696E00C4F2A7 /* NotesDetailViewController.swift in Sources */ = {isa = PBXBuildFile; fileRef = 7B48FF1B1D6D696E00C4F2A7 /* NotesDetailViewController.swift */; };
		7B48FF1E1D6D776200C4F2A7 /* Note.swift in Sources */ = {isa = PBXBuildFile; fileRef = 7B48FF1D1D6D776200C4F2A7 /* Note.swift */; };
		7B48FF201D6ED5FE00C4F2A7 /* SettingsViewController.swift in Sources */ = {isa = PBXBuildFile; fileRef = 7B48FF1F1D6ED5FE00C4F2A7 /* SettingsViewController.swift */; };
		7BB4DFA01D74524900E581C8 /* trashSound.mp3 in Resources */ = {isa = PBXBuildFile; fileRef = 7BB4DF9F1D74524900E581C8 /* trashSound.mp3 */; };
		7BB4DFA31D74610000E581C8 /* binClose.png in Resources */ = {isa = PBXBuildFile; fileRef = 7BB4DFA11D74610000E581C8 /* binClose.png */; };
		7BB4DFA41D74610000E581C8 /* binOpen.png in Resources */ = {isa = PBXBuildFile; fileRef = 7BB4DFA21D74610000E581C8 /* binOpen.png */; };
		7BB4DFA81D7475E700E581C8 /* cellBackground.jpg in Resources */ = {isa = PBXBuildFile; fileRef = 7BB4DFA71D7475E700E581C8 /* cellBackground.jpg */; };
/* End PBXBuildFile section */

/* Begin PBXFileReference section */
		7B48FEF11D6B0F6A00C4F2A7 /* Notes.app */ = {isa = PBXFileReference; explicitFileType = wrapper.application; includeInIndex = 0; path = Notes.app; sourceTree = BUILT_PRODUCTS_DIR; };
		7B48FEF41D6B0F6A00C4F2A7 /* AppDelegate.swift */ = {isa = PBXFileReference; lastKnownFileType = sourcecode.swift; path = AppDelegate.swift; sourceTree = "<group>"; };
		7B48FEF61D6B0F6A00C4F2A7 /* ViewController.swift */ = {isa = PBXFileReference; lastKnownFileType = sourcecode.swift; path = ViewController.swift; sourceTree = "<group>"; };
		7B48FEF91D6B0F6A00C4F2A7 /* Base */ = {isa = PBXFileReference; lastKnownFileType = file.storyboard; name = Base; path = Base.lproj/Main.storyboard; sourceTree = "<group>"; };
		7B48FEFC1D6B0F6A00C4F2A7 /* Notes.xcdatamodel */ = {isa = PBXFileReference; lastKnownFileType = wrapper.xcdatamodel; path = Notes.xcdatamodel; sourceTree = "<group>"; };
		7B48FEFE1D6B0F6A00C4F2A7 /* Assets.xcassets */ = {isa = PBXFileReference; lastKnownFileType = folder.assetcatalog; path = Assets.xcassets; sourceTree = "<group>"; };
		7B48FF011D6B0F6A00C4F2A7 /* Base */ = {isa = PBXFileReference; lastKnownFileType = file.storyboard; name = Base; path = Base.lproj/LaunchScreen.storyboard; sourceTree = "<group>"; };
		7B48FF031D6B0F6A00C4F2A7 /* Info.plist */ = {isa = PBXFileReference; lastKnownFileType = text.plist.xml; path = Info.plist; sourceTree = "<group>"; };
		7B48FF0D1D6B166B00C4F2A7 /* NotesViewController.swift */ = {isa = PBXFileReference; fileEncoding = 4; lastKnownFileType = sourcecode.swift; path = NotesViewController.swift; sourceTree = "<group>"; };
		7B48FF171D6C24D400C4F2A7 /* Constants.swift */ = {isa = PBXFileReference; fileEncoding = 4; lastKnownFileType = sourcecode.swift; path = Constants.swift; sourceTree = "<group>"; };
		7B48FF191D6CA5F100C4F2A7 /* NoteCell.swift */ = {isa = PBXFileReference; fileEncoding = 4; lastKnownFileType = sourcecode.swift; path = NoteCell.swift; sourceTree = "<group>"; };
		7B48FF1B1D6D696E00C4F2A7 /* NotesDetailViewController.swift */ = {isa = PBXFileReference; fileEncoding = 4; lastKnownFileType = sourcecode.swift; path = NotesDetailViewController.swift; sourceTree = "<group>"; };
		7B48FF1D1D6D776200C4F2A7 /* Note.swift */ = {isa = PBXFileReference; fileEncoding = 4; lastKnownFileType = sourcecode.swift; path = Note.swift; sourceTree = "<group>"; };
		7B48FF1F1D6ED5FE00C4F2A7 /* SettingsViewController.swift */ = {isa = PBXFileReference; fileEncoding = 4; lastKnownFileType = sourcecode.swift; path = SettingsViewController.swift; sourceTree = "<group>"; };
		7BB4DF9F1D74524900E581C8 /* trashSound.mp3 */ = {isa = PBXFileReference; lastKnownFileType = audio.mp3; path = trashSound.mp3; sourceTree = "<group>"; };
		7BB4DFA11D74610000E581C8 /* binClose.png */ = {isa = PBXFileReference; lastKnownFileType = image.png; path = binClose.png; sourceTree = "<group>"; };
		7BB4DFA21D74610000E581C8 /* binOpen.png */ = {isa = PBXFileReference; lastKnownFileType = image.png; path = binOpen.png; sourceTree = "<group>"; };
		7BB4DFA71D7475E700E581C8 /* cellBackground.jpg */ = {isa = PBXFileReference; lastKnownFileType = image.jpeg; path = cellBackground.jpg; sourceTree = "<group>"; };
/* End PBXFileReference section */

/* Begin PBXFrameworksBuildPhase section */
		7B48FEEE1D6B0F6A00C4F2A7 /* Frameworks */ = {
			isa = PBXFrameworksBuildPhase;
			buildActionMask = 2147483647;
			files = (
			);
			runOnlyForDeploymentPostprocessing = 0;
		};
/* End PBXFrameworksBuildPhase section */

/* Begin PBXGroup section */
		7B48FEE81D6B0F6A00C4F2A7 = {
			isa = PBXGroup;
			children = (
				7B48FEF31D6B0F6A00C4F2A7 /* Notes */,
				7B48FEF21D6B0F6A00C4F2A7 /* Products */,
			);
			sourceTree = "<group>";
		};
		7B48FEF21D6B0F6A00C4F2A7 /* Products */ = {
			isa = PBXGroup;
			children = (
				7B48FEF11D6B0F6A00C4F2A7 /* Notes.app */,
			);
			name = Products;
			sourceTree = "<group>";
		};
		7B48FEF31D6B0F6A00C4F2A7 /* Notes */ = {
			isa = PBXGroup;
			children = (
				7BB4DF9C1D744B1400E581C8 /* Resources */,
				7B48FEF41D6B0F6A00C4F2A7 /* AppDelegate.swift */,
				7B48FEF61D6B0F6A00C4F2A7 /* ViewController.swift */,
				7B48FEF81D6B0F6A00C4F2A7 /* Main.storyboard */,
				7B48FEFE1D6B0F6A00C4F2A7 /* Assets.xcassets */,
				7B48FF001D6B0F6A00C4F2A7 /* LaunchScreen.storyboard */,
				7B48FF031D6B0F6A00C4F2A7 /* Info.plist */,
				7B48FEFB1D6B0F6A00C4F2A7 /* Notes.xcdatamodeld */,
				7B48FF0D1D6B166B00C4F2A7 /* NotesViewController.swift */,
				7B48FF171D6C24D400C4F2A7 /* Constants.swift */,
				7B48FF191D6CA5F100C4F2A7 /* NoteCell.swift */,
				7B48FF1B1D6D696E00C4F2A7 /* NotesDetailViewController.swift */,
				7B48FF1D1D6D776200C4F2A7 /* Note.swift */,
				7B48FF1F1D6ED5FE00C4F2A7 /* SettingsViewController.swift */,
			);
			path = Notes;
			sourceTree = "<group>";
		};
		7BB4DF9C1D744B1400E581C8 /* Resources */ = {
			isa = PBXGroup;
			children = (
				7BB4DFA71D7475E700E581C8 /* cellBackground.jpg */,
				7BB4DFA11D74610000E581C8 /* binClose.png */,
				7BB4DFA21D74610000E581C8 /* binOpen.png */,
				7BB4DF9F1D74524900E581C8 /* trashSound.mp3 */,
			);
			path = Resources;
			sourceTree = "<group>";
		};
/* End PBXGroup section */

/* Begin PBXNativeTarget section */
		7B48FEF01D6B0F6A00C4F2A7 /* Notes */ = {
			isa = PBXNativeTarget;
			buildConfigurationList = 7B48FF061D6B0F6A00C4F2A7 /* Build configuration list for PBXNativeTarget "Notes" */;
			buildPhases = (
				7B48FEED1D6B0F6A00C4F2A7 /* Sources */,
				7B48FEEE1D6B0F6A00C4F2A7 /* Frameworks */,
				7B48FEEF1D6B0F6A00C4F2A7 /* Resources */,
			);
			buildRules = (
			);
			dependencies = (
			);
			name = Notes;
			productName = Notes;
			productReference = 7B48FEF11D6B0F6A00C4F2A7 /* Notes.app */;
			productType = "com.apple.product-type.application";
		};
/* End PBXNativeTarget section */

/* Begin PBXProject section */
		7B48FEE91D6B0F6A00C4F2A7 /* Project object */ = {
			isa = PBXProject;
			attributes = {
				LastSwiftUpdateCheck = 0730;
				LastUpgradeCheck = 0730;
				ORGANIZATIONNAME = CodeIt;
				TargetAttributes = {
					7B48FEF01D6B0F6A00C4F2A7 = {
						CreatedOnToolsVersion = 7.3;
					};
				};
			};
			buildConfigurationList = 7B48FEEC1D6B0F6A00C4F2A7 /* Build configuration list for PBXProject "Notes" */;
			compatibilityVersion = "Xcode 3.2";
			developmentRegion = English;
			hasScannedForEncodings = 0;
			knownRegions = (
				en,
				Base,
			);
			mainGroup = 7B48FEE81D6B0F6A00C4F2A7;
			productRefGroup = 7B48FEF21D6B0F6A00C4F2A7 /* Products */;
			projectDirPath = "";
			projectRoot = "";
			targets = (
				7B48FEF01D6B0F6A00C4F2A7 /* Notes */,
			);
		};
/* End PBXProject section */

/* Begin PBXResourcesBuildPhase section */
		7B48FEEF1D6B0F6A00C4F2A7 /* Resources */ = {
			isa = PBXResourcesBuildPhase;
			buildActionMask = 2147483647;
			files = (
				7B48FF021D6B0F6A00C4F2A7 /* LaunchScreen.storyboard in Resources */,
				7BB4DFA81D7475E700E581C8 /* cellBackground.jpg in Resources */,
				7BB4DFA41D74610000E581C8 /* binOpen.png in Resources */,
				7B48FEFF1D6B0F6A00C4F2A7 /* Assets.xcassets in Resources */,
				7BB4DFA01D74524900E581C8 /* trashSound.mp3 in Resources */,
				7B48FEFA1D6B0F6A00C4F2A7 /* Main.storyboard in Resources */,
				7BB4DFA31D74610000E581C8 /* binClose.png in Resources */,
			);
			runOnlyForDeploymentPostprocessing = 0;
		};
/* End PBXResourcesBuildPhase section */

/* Begin PBXSourcesBuildPhase section */
		7B48FEED1D6B0F6A00C4F2A7 /* Sources */ = {
			isa = PBXSourcesBuildPhase;
			buildActionMask = 2147483647;
			files = (
				7B48FF1C1D6D696E00C4F2A7 /* NotesDetailViewController.swift in Sources */,
				7B48FF0E1D6B166B00C4F2A7 /* NotesViewController.swift in Sources */,
				7B48FEF71D6B0F6A00C4F2A7 /* ViewController.swift in Sources */,
				7B48FF1E1D6D776200C4F2A7 /* Note.swift in Sources */,
				7B48FF181D6C24D400C4F2A7 /* Constants.swift in Sources */,
				7B48FF1A1D6CA5F100C4F2A7 /* NoteCell.swift in Sources */,
				7B48FEFD1D6B0F6A00C4F2A7 /* Notes.xcdatamodeld in Sources */,
				7B48FEF51D6B0F6A00C4F2A7 /* AppDelegate.swift in Sources */,
				7B48FF201D6ED5FE00C4F2A7 /* SettingsViewController.swift in Sources */,
			);
			runOnlyForDeploymentPostprocessing = 0;
		};
/* End PBXSourcesBuildPhase section */

/* Begin PBXVariantGroup section */
		7B48FEF81D6B0F6A00C4F2A7 /* Main.storyboard */ = {
			isa = PBXVariantGroup;
			children = (
				7B48FEF91D6B0F6A00C4F2A7 /* Base */,
			);
			name = Main.storyboard;
			sourceTree = "<group>";
		};
		7B48FF001D6B0F6A00C4F2A7 /* LaunchScreen.storyboard */ = {
			isa = PBXVariantGroup;
			children = (
				7B48FF011D6B0F6A00C4F2A7 /* Base */,
			);
			name = LaunchScreen.storyboard;
			sourceTree = "<group>";
		};
/* End PBXVariantGroup section */

/* Begin XCBuildConfiguration section */
		7B48FF041D6B0F6A00C4F2A7 /* Debug */ = {
			isa = XCBuildConfiguration;
			buildSettings = {
				ALWAYS_SEARCH_USER_PATHS = NO;
				CLANG_ANALYZER_NONNULL = YES;
				CLANG_CXX_LANGUAGE_STANDARD = "gnu++0x";
				CLANG_CXX_LIBRARY = "libc++";
				CLANG_ENABLE_MODULES = YES;
				CLANG_ENABLE_OBJC_ARC = YES;
				CLANG_WARN_BOOL_CONVERSION = YES;
				CLANG_WARN_CONSTANT_CONVERSION = YES;
				CLANG_WARN_DIRECT_OBJC_ISA_USAGE = YES_ERROR;
				CLANG_WARN_EMPTY_BODY = YES;
				CLANG_WARN_ENUM_CONVERSION = YES;
				CLANG_WARN_INT_CONVERSION = YES;
				CLANG_WARN_OBJC_ROOT_CLASS = YES_ERROR;
				CLANG_WARN_UNREACHABLE_CODE = YES;
				CLANG_WARN__DUPLICATE_METHOD_MATCH = YES;
				"CODE_SIGN_IDENTITY[sdk=iphoneos*]" = "iPhone Developer";
				COPY_PHASE_STRIP = NO;
				DEBUG_INFORMATION_FORMAT = dwarf;
				ENABLE_STRICT_OBJC_MSGSEND = YES;
				ENABLE_TESTABILITY = YES;
				GCC_C_LANGUAGE_STANDARD = gnu99;
				GCC_DYNAMIC_NO_PIC = NO;
				GCC_NO_COMMON_BLOCKS = YES;
				GCC_OPTIMIZATION_LEVEL = 0;
				GCC_PREPROCESSOR_DEFINITIONS = (
					"DEBUG=1",
					"$(inherited)",
				);
				GCC_WARN_64_TO_32_BIT_CONVERSION = YES;
				GCC_WARN_ABOUT_RETURN_TYPE = YES_ERROR;
				GCC_WARN_UNDECLARED_SELECTOR = YES;
				GCC_WARN_UNINITIALIZED_AUTOS = YES_AGGRESSIVE;
				GCC_WARN_UNUSED_FUNCTION = YES;
				GCC_WARN_UNUSED_VARIABLE = YES;
				IPHONEOS_DEPLOYMENT_TARGET = 9.3;
				MTL_ENABLE_DEBUG_INFO = YES;
				ONLY_ACTIVE_ARCH = YES;
				SDKROOT = iphoneos;
				SWIFT_OPTIMIZATION_LEVEL = "-Onone";
				TARGETED_DEVICE_FAMILY = "1,2";
			};
			name = Debug;
		};
		7B48FF051D6B0F6A00C4F2A7 /* Release */ = {
			isa = XCBuildConfiguration;
			buildSettings = {
				ALWAYS_SEARCH_USER_PATHS = NO;
				CLANG_ANALYZER_NONNULL = YES;
				CLANG_CXX_LANGUAGE_STANDARD = "gnu++0x";
				CLANG_CXX_LIBRARY = "libc++";
				CLANG_ENABLE_MODULES = YES;
				CLANG_ENABLE_OBJC_ARC = YES;
				CLANG_WARN_BOOL_CONVERSION = YES;
				CLANG_WARN_CONSTANT_CONVERSION = YES;
				CLANG_WARN_DIRECT_OBJC_ISA_USAGE = YES_ERROR;
				CLANG_WARN_EMPTY_BODY = YES;
				CLANG_WARN_ENUM_CONVERSION = YES;
				CLANG_WARN_INT_CONVERSION = YES;
				CLANG_WARN_OBJC_ROOT_CLASS = YES_ERROR;
				CLANG_WARN_UNREACHABLE_CODE = YES;
				CLANG_WARN__DUPLICATE_METHOD_MATCH = YES;
				"CODE_SIGN_IDENTITY[sdk=iphoneos*]" = "iPhone Developer";
				COPY_PHASE_STRIP = NO;
				DEBUG_INFORMATION_FORMAT = "dwarf-with-dsym";
				ENABLE_NS_ASSERTIONS = NO;
				ENABLE_STRICT_OBJC_MSGSEND = YES;
				GCC_C_LANGUAGE_STANDARD = gnu99;
				GCC_NO_COMMON_BLOCKS = YES;
				GCC_WARN_64_TO_32_BIT_CONVERSION = YES;
				GCC_WARN_ABOUT_RETURN_TYPE = YES_ERROR;
				GCC_WARN_UNDECLARED_SELECTOR = YES;
				GCC_WARN_UNINITIALIZED_AUTOS = YES_AGGRESSIVE;
				GCC_WARN_UNUSED_FUNCTION = YES;
				GCC_WARN_UNUSED_VARIABLE = YES;
				IPHONEOS_DEPLOYMENT_TARGET = 9.3;
				MTL_ENABLE_DEBUG_INFO = NO;
				SDKROOT = iphoneos;
				TARGETED_DEVICE_FAMILY = "1,2";
				VALIDATE_PRODUCT = YES;
			};
			name = Release;
		};
		7B48FF071D6B0F6A00C4F2A7 /* Debug */ = {
			isa = XCBuildConfiguration;
			buildSettings = {
				ASSETCATALOG_COMPILER_APPICON_NAME = AppIcon;
				INFOPLIST_FILE = Notes/Info.plist;
				LD_RUNPATH_SEARCH_PATHS = "$(inherited) @executable_path/Frameworks";
				PRODUCT_BUNDLE_IDENTIFIER = com.codeit.Notes;
				PRODUCT_NAME = "$(TARGET_NAME)";
			};
			name = Debug;
		};
		7B48FF081D6B0F6A00C4F2A7 /* Release */ = {
			isa = XCBuildConfiguration;
			buildSettings = {
				ASSETCATALOG_COMPILER_APPICON_NAME = AppIcon;
				INFOPLIST_FILE = Notes/Info.plist;
				LD_RUNPATH_SEARCH_PATHS = "$(inherited) @executable_path/Frameworks";
				PRODUCT_BUNDLE_IDENTIFIER = com.codeit.Notes;
				PRODUCT_NAME = "$(TARGET_NAME)";
			};
			name = Release;
		};
/* End XCBuildConfiguration section */

/* Begin XCConfigurationList section */
		7B48FEEC1D6B0F6A00C4F2A7 /* Build configuration list for PBXProject "Notes" */ = {
			isa = XCConfigurationList;
			buildConfigurations = (
				7B48FF041D6B0F6A00C4F2A7 /* Debug */,
				7B48FF051D6B0F6A00C4F2A7 /* Release */,
			);
			defaultConfigurationIsVisible = 0;
			defaultConfigurationName = Release;
		};
		7B48FF061D6B0F6A00C4F2A7 /* Build configuration list for PBXNativeTarget "Notes" */ = {
			isa = XCConfigurationList;
			buildConfigurations = (
				7B48FF071D6B0F6A00C4F2A7 /* Debug */,
				7B48FF081D6B0F6A00C4F2A7 /* Release */,
			);
			defaultConfigurationIsVisible = 0;
			defaultConfigurationName = Release;
		};
/* End XCConfigurationList section */

/* Begin XCVersionGroup section */
		7B48FEFB1D6B0F6A00C4F2A7 /* Notes.xcdatamodeld */ = {
			isa = XCVersionGroup;
			children = (
				7B48FEFC1D6B0F6A00C4F2A7 /* Notes.xcdatamodel */,
			);
			currentVersion = 7B48FEFC1D6B0F6A00C4F2A7 /* Notes.xcdatamodel */;
			path = Notes.xcdatamodeld;
			sourceTree = "<group>";
			versionGroupType = wrapper.xcdatamodel;
		};
/* End XCVersionGroup section */
	};
	rootObject = 7B48FEE91D6B0F6A00C4F2A7 /* Project object */;
}
